// !$*UTF8*$!
{
	archiveVersion = 1;
	classes = {
	};
	objectVersion = 55;
	objects = {

/* Begin PBXBuildFile section */
		2E36F80C2769F952002C986B /* AppDelegate.swift in Sources */ = {isa = PBXBuildFile; fileRef = 2E36F80B2769F952002C986B /* AppDelegate.swift */; };
		2E36F80E2769F952002C986B /* SceneDelegate.swift in Sources */ = {isa = PBXBuildFile; fileRef = 2E36F80D2769F952002C986B /* SceneDelegate.swift */; };
		2E36F8102769F952002C986B /* ViewController.swift in Sources */ = {isa = PBXBuildFile; fileRef = 2E36F80F2769F952002C986B /* ViewController.swift */; };
		2E36F8132769F952002C986B /* Main.storyboard in Resources */ = {isa = PBXBuildFile; fileRef = 2E36F8112769F952002C986B /* Main.storyboard */; };
		2E36F8152769F954002C986B /* Assets.xcassets in Resources */ = {isa = PBXBuildFile; fileRef = 2E36F8142769F954002C986B /* Assets.xcassets */; };
		2E36F8182769F954002C986B /* LaunchScreen.storyboard in Resources */ = {isa = PBXBuildFile; fileRef = 2E36F8162769F954002C986B /* LaunchScreen.storyboard */; };
		2E36F8232769F954002C986B /* Carrot_PracTests.swift in Sources */ = {isa = PBXBuildFile; fileRef = 2E36F8222769F954002C986B /* Carrot_PracTests.swift */; };
		2E36F82D2769F954002C986B /* Carrot_PracUITests.swift in Sources */ = {isa = PBXBuildFile; fileRef = 2E36F82C2769F954002C986B /* Carrot_PracUITests.swift */; };
		2E36F82F2769F954002C986B /* Carrot_PracUITestsLaunchTests.swift in Sources */ = {isa = PBXBuildFile; fileRef = 2E36F82E2769F954002C986B /* Carrot_PracUITestsLaunchTests.swift */; };
/* End PBXBuildFile section */

/* Begin PBXContainerItemProxy section */
		2E36F81F2769F954002C986B /* PBXContainerItemProxy */ = {
			isa = PBXContainerItemProxy;
			containerPortal = 2E36F8002769F951002C986B /* Project object */;
			proxyType = 1;
			remoteGlobalIDString = 2E36F8072769F952002C986B;
			remoteInfo = Carrot_Prac;
		};
		2E36F8292769F954002C986B /* PBXContainerItemProxy */ = {
			isa = PBXContainerItemProxy;
			containerPortal = 2E36F8002769F951002C986B /* Project object */;
			proxyType = 1;
			remoteGlobalIDString = 2E36F8072769F952002C986B;
			remoteInfo = Carrot_Prac;
		};
/* End PBXContainerItemProxy section */

/* Begin PBXFileReference section */
		2E36F8082769F952002C986B /* Carrot_Prac.app */ = {isa = PBXFileReference; explicitFileType = wrapper.application; includeInIndex = 0; path = Carrot_Prac.app; sourceTree = BUILT_PRODUCTS_DIR; };
		2E36F80B2769F952002C986B /* AppDelegate.swift */ = {isa = PBXFileReference; lastKnownFileType = sourcecode.swift; path = AppDelegate.swift; sourceTree = "<group>"; };
		2E36F80D2769F952002C986B /* SceneDelegate.swift */ = {isa = PBXFileReference; lastKnownFileType = sourcecode.swift; path = SceneDelegate.swift; sourceTree = "<group>"; };
		2E36F80F2769F952002C986B /* ViewController.swift */ = {isa = PBXFileReference; lastKnownFileType = sourcecode.swift; path = ViewController.swift; sourceTree = "<group>"; };
		2E36F8122769F952002C986B /* Base */ = {isa = PBXFileReference; lastKnownFileType = file.storyboard; name = Base; path = Base.lproj/Main.storyboard; sourceTree = "<group>"; };
		2E36F8142769F954002C986B /* Assets.xcassets */ = {isa = PBXFileReference; lastKnownFileType = folder.assetcatalog; path = Assets.xcassets; sourceTree = "<group>"; };
		2E36F8172769F954002C986B /* Base */ = {isa = PBXFileReference; lastKnownFileType = file.storyboard; name = Base; path = Base.lproj/LaunchScreen.storyboard; sourceTree = "<group>"; };
		2E36F8192769F954002C986B /* Info.plist */ = {isa = PBXFileReference; lastKnownFileType = text.plist.xml; path = Info.plist; sourceTree = "<group>"; };
		2E36F81E2769F954002C986B /* Carrot_PracTests.xctest */ = {isa = PBXFileReference; explicitFileType = wrapper.cfbundle; includeInIndex = 0; path = Carrot_PracTests.xctest; sourceTree = BUILT_PRODUCTS_DIR; };
		2E36F8222769F954002C986B /* Carrot_PracTests.swift */ = {isa = PBXFileReference; lastKnownFileType = sourcecode.swift; path = Carrot_PracTests.swift; sourceTree = "<group>"; };
		2E36F8282769F954002C986B /* Carrot_PracUITests.xctest */ = {isa = PBXFileReference; explicitFileType = wrapper.cfbundle; includeInIndex = 0; path = Carrot_PracUITests.xctest; sourceTree = BUILT_PRODUCTS_DIR; };
		2E36F82C2769F954002C986B /* Carrot_PracUITests.swift */ = {isa = PBXFileReference; lastKnownFileType = sourcecode.swift; path = Carrot_PracUITests.swift; sourceTree = "<group>"; };
		2E36F82E2769F954002C986B /* Carrot_PracUITestsLaunchTests.swift */ = {isa = PBXFileReference; lastKnownFileType = sourcecode.swift; path = Carrot_PracUITestsLaunchTests.swift; sourceTree = "<group>"; };
/* End PBXFileReference section */

/* Begin PBXFrameworksBuildPhase section */
		2E36F8052769F952002C986B /* Frameworks */ = {
			isa = PBXFrameworksBuildPhase;
			buildActionMask = 2147483647;
			files = (
			);
			runOnlyForDeploymentPostprocessing = 0;
		};
		2E36F81B2769F954002C986B /* Frameworks */ = {
			isa = PBXFrameworksBuildPhase;
			buildActionMask = 2147483647;
			files = (
			);
			runOnlyForDeploymentPostprocessing = 0;
		};
		2E36F8252769F954002C986B /* Frameworks */ = {
			isa = PBXFrameworksBuildPhase;
			buildActionMask = 2147483647;
			files = (
			);
			runOnlyForDeploymentPostprocessing = 0;
		};
/* End PBXFrameworksBuildPhase section */

/* Begin PBXGroup section */
		2E36F7FF2769F951002C986B = {
			isa = PBXGroup;
			children = (
				2E36F80A2769F952002C986B /* Carrot_Prac */,
				2E36F8212769F954002C986B /* Carrot_PracTests */,
				2E36F82B2769F954002C986B /* Carrot_PracUITests */,
				2E36F8092769F952002C986B /* Products */,
			);
			sourceTree = "<group>";
		};
		2E36F8092769F952002C986B /* Products */ = {
			isa = PBXGroup;
			children = (
				2E36F8082769F952002C986B /* Carrot_Prac.app */,
				2E36F81E2769F954002C986B /* Carrot_PracTests.xctest */,
				2E36F8282769F954002C986B /* Carrot_PracUITests.xctest */,
			);
			name = Products;
			sourceTree = "<group>";
		};
		2E36F80A2769F952002C986B /* Carrot_Prac */ = {
			isa = PBXGroup;
			children = (
				2E36F80B2769F952002C986B /* AppDelegate.swift */,
				2E36F80D2769F952002C986B /* SceneDelegate.swift */,
				2E36F80F2769F952002C986B /* ViewController.swift */,
				2E36F8112769F952002C986B /* Main.storyboard */,
				2E36F8142769F954002C986B /* Assets.xcassets */,
				2E36F8162769F954002C986B /* LaunchScreen.storyboard */,
				2E36F8192769F954002C986B /* Info.plist */,
			);
			path = Carrot_Prac;
			sourceTree = "<group>";
		};
		2E36F8212769F954002C986B /* Carrot_PracTests */ = {
			isa = PBXGroup;
			children = (
				2E36F8222769F954002C986B /* Carrot_PracTests.swift */,
			);
			path = Carrot_PracTests;
			sourceTree = "<group>";
		};
		2E36F82B2769F954002C986B /* Carrot_PracUITests */ = {
			isa = PBXGroup;
			children = (
				2E36F82C2769F954002C986B /* Carrot_PracUITests.swift */,
				2E36F82E2769F954002C986B /* Carrot_PracUITestsLaunchTests.swift */,
			);
			path = Carrot_PracUITests;
			sourceTree = "<group>";
		};
/* End PBXGroup section */

/* Begin PBXNativeTarget section */
		2E36F8072769F952002C986B /* Carrot_Prac */ = {
			isa = PBXNativeTarget;
			buildConfigurationList = 2E36F8322769F954002C986B /* Build configuration list for PBXNativeTarget "Carrot_Prac" */;
			buildPhases = (
				2E36F8042769F952002C986B /* Sources */,
				2E36F8052769F952002C986B /* Frameworks */,
				2E36F8062769F952002C986B /* Resources */,
			);
			buildRules = (
			);
			dependencies = (
			);
			name = Carrot_Prac;
			productName = Carrot_Prac;
			productReference = 2E36F8082769F952002C986B /* Carrot_Prac.app */;
			productType = "com.apple.product-type.application";
		};
		2E36F81D2769F954002C986B /* Carrot_PracTests */ = {
			isa = PBXNativeTarget;
			buildConfigurationList = 2E36F8352769F954002C986B /* Build configuration list for PBXNativeTarget "Carrot_PracTests" */;
			buildPhases = (
				2E36F81A2769F954002C986B /* Sources */,
				2E36F81B2769F954002C986B /* Frameworks */,
				2E36F81C2769F954002C986B /* Resources */,
			);
			buildRules = (
			);
			dependencies = (
				2E36F8202769F954002C986B /* PBXTargetDependency */,
			);
			name = Carrot_PracTests;
			productName = Carrot_PracTests;
			productReference = 2E36F81E2769F954002C986B /* Carrot_PracTests.xctest */;
			productType = "com.apple.product-type.bundle.unit-test";
		};
		2E36F8272769F954002C986B /* Carrot_PracUITests */ = {
			isa = PBXNativeTarget;
			buildConfigurationList = 2E36F8382769F954002C986B /* Build configuration list for PBXNativeTarget "Carrot_PracUITests" */;
			buildPhases = (
				2E36F8242769F954002C986B /* Sources */,
				2E36F8252769F954002C986B /* Frameworks */,
				2E36F8262769F954002C986B /* Resources */,
			);
			buildRules = (
			);
			dependencies = (
				2E36F82A2769F954002C986B /* PBXTargetDependency */,
			);
			name = Carrot_PracUITests;
			productName = Carrot_PracUITests;
			productReference = 2E36F8282769F954002C986B /* Carrot_PracUITests.xctest */;
			productType = "com.apple.product-type.bundle.ui-testing";
		};
/* End PBXNativeTarget section */

/* Begin PBXProject section */
		2E36F8002769F951002C986B /* Project object */ = {
			isa = PBXProject;
			attributes = {
				BuildIndependentTargetsInParallel = 1;
				LastSwiftUpdateCheck = 1320;
				LastUpgradeCheck = 1320;
				TargetAttributes = {
					2E36F8072769F952002C986B = {
						CreatedOnToolsVersion = 13.2;
					};
					2E36F81D2769F954002C986B = {
						CreatedOnToolsVersion = 13.2;
						TestTargetID = 2E36F8072769F952002C986B;
					};
					2E36F8272769F954002C986B = {
						CreatedOnToolsVersion = 13.2;
						TestTargetID = 2E36F8072769F952002C986B;
					};
				};
			};
			buildConfigurationList = 2E36F8032769F951002C986B /* Build configuration list for PBXProject "Carrot_Prac" */;
			compatibilityVersion = "Xcode 13.0";
			developmentRegion = en;
			hasScannedForEncodings = 0;
			knownRegions = (
				en,
				Base,
			);
			mainGroup = 2E36F7FF2769F951002C986B;
			productRefGroup = 2E36F8092769F952002C986B /* Products */;
			projectDirPath = "";
			projectRoot = "";
			targets = (
				2E36F8072769F952002C986B /* Carrot_Prac */,
				2E36F81D2769F954002C986B /* Carrot_PracTests */,
				2E36F8272769F954002C986B /* Carrot_PracUITests */,
			);
		};
/* End PBXProject section */

/* Begin PBXResourcesBuildPhase section */
		2E36F8062769F952002C986B /* Resources */ = {
			isa = PBXResourcesBuildPhase;
			buildActionMask = 2147483647;
			files = (
				2E36F8182769F954002C986B /* LaunchScreen.storyboard in Resources */,
				2E36F8152769F954002C986B /* Assets.xcassets in Resources */,
				2E36F8132769F952002C986B /* Main.storyboard in Resources */,
			);
			runOnlyForDeploymentPostprocessing = 0;
		};
		2E36F81C2769F954002C986B /* Resources */ = {
			isa = PBXResourcesBuildPhase;
			buildActionMask = 2147483647;
			files = (
			);
			runOnlyForDeploymentPostprocessing = 0;
		};
		2E36F8262769F954002C986B /* Resources */ = {
			isa = PBXResourcesBuildPhase;
			buildActionMask = 2147483647;
			files = (
			);
			runOnlyForDeploymentPostprocessing = 0;
		};
/* End PBXResourcesBuildPhase section */

/* Begin PBXSourcesBuildPhase section */
		2E36F8042769F952002C986B /* Sources */ = {
			isa = PBXSourcesBuildPhase;
			buildActionMask = 2147483647;
			files = (
				2E36F8102769F952002C986B /* ViewController.swift in Sources */,
				2E36F80C2769F952002C986B /* AppDelegate.swift in Sources */,
				2E36F80E2769F952002C986B /* SceneDelegate.swift in Sources */,
			);
			runOnlyForDeploymentPostprocessing = 0;
		};
		2E36F81A2769F954002C986B /* Sources */ = {
			isa = PBXSourcesBuildPhase;
			buildActionMask = 2147483647;
			files = (
				2E36F8232769F954002C986B /* Carrot_PracTests.swift in Sources */,
			);
			runOnlyForDeploymentPostprocessing = 0;
		};
		2E36F8242769F954002C986B /* Sources */ = {
			isa = PBXSourcesBuildPhase;
			buildActionMask = 2147483647;
			files = (
				2E36F82D2769F954002C986B /* Carrot_PracUITests.swift in Sources */,
				2E36F82F2769F954002C986B /* Carrot_PracUITestsLaunchTests.swift in Sources */,
			);
			runOnlyForDeploymentPostprocessing = 0;
		};
/* End PBXSourcesBuildPhase section */

/* Begin PBXTargetDependency section */
		2E36F8202769F954002C986B /* PBXTargetDependency */ = {
			isa = PBXTargetDependency;
			target = 2E36F8072769F952002C986B /* Carrot_Prac */;
			targetProxy = 2E36F81F2769F954002C986B /* PBXContainerItemProxy */;
		};
		2E36F82A2769F954002C986B /* PBXTargetDependency */ = {
			isa = PBXTargetDependency;
			target = 2E36F8072769F952002C986B /* Carrot_Prac */;
			targetProxy = 2E36F8292769F954002C986B /* PBXContainerItemProxy */;
		};
/* End PBXTargetDependency section */

/* Begin PBXVariantGroup section */
		2E36F8112769F952002C986B /* Main.storyboard */ = {
			isa = PBXVariantGroup;
			children = (
				2E36F8122769F952002C986B /* Base */,
			);
			name = Main.storyboard;
			sourceTree = "<group>";
		};
		2E36F8162769F954002C986B /* LaunchScreen.storyboard */ = {
			isa = PBXVariantGroup;
			children = (
				2E36F8172769F954002C986B /* Base */,
			);
			name = LaunchScreen.storyboard;
			sourceTree = "<group>";
		};
/* End PBXVariantGroup section */

/* Begin XCBuildConfiguration section */
		2E36F8302769F954002C986B /* Debug */ = {
			isa = XCBuildConfiguration;
			buildSettings = {
				ALWAYS_SEARCH_USER_PATHS = NO;
				CLANG_ANALYZER_NONNULL = YES;
				CLANG_ANALYZER_NUMBER_OBJECT_CONVERSION = YES_AGGRESSIVE;
				CLANG_CXX_LANGUAGE_STANDARD = "gnu++17";
				CLANG_CXX_LIBRARY = "libc++";
				CLANG_ENABLE_MODULES = YES;
				CLANG_ENABLE_OBJC_ARC = YES;
				CLANG_ENABLE_OBJC_WEAK = YES;
				CLANG_WARN_BLOCK_CAPTURE_AUTORELEASING = YES;
				CLANG_WARN_BOOL_CONVERSION = YES;
				CLANG_WARN_COMMA = YES;
				CLANG_WARN_CONSTANT_CONVERSION = YES;
				CLANG_WARN_DEPRECATED_OBJC_IMPLEMENTATIONS = YES;
				CLANG_WARN_DIRECT_OBJC_ISA_USAGE = YES_ERROR;
				CLANG_WARN_DOCUMENTATION_COMMENTS = YES;
				CLANG_WARN_EMPTY_BODY = YES;
				CLANG_WARN_ENUM_CONVERSION = YES;
				CLANG_WARN_INFINITE_RECURSION = YES;
				CLANG_WARN_INT_CONVERSION = YES;
				CLANG_WARN_NON_LITERAL_NULL_CONVERSION = YES;
				CLANG_WARN_OBJC_IMPLICIT_RETAIN_SELF = YES;
				CLANG_WARN_OBJC_LITERAL_CONVERSION = YES;
				CLANG_WARN_OBJC_ROOT_CLASS = YES_ERROR;
				CLANG_WARN_QUOTED_INCLUDE_IN_FRAMEWORK_HEADER = YES;
				CLANG_WARN_RANGE_LOOP_ANALYSIS = YES;
				CLANG_WARN_STRICT_PROTOTYPES = YES;
				CLANG_WARN_SUSPICIOUS_MOVE = YES;
				CLANG_WARN_UNGUARDED_AVAILABILITY = YES_AGGRESSIVE;
				CLANG_WARN_UNREACHABLE_CODE = YES;
				CLANG_WARN__DUPLICATE_METHOD_MATCH = YES;
				COPY_PHASE_STRIP = NO;
				DEBUG_INFORMATION_FORMAT = dwarf;
				ENABLE_STRICT_OBJC_MSGSEND = YES;
				ENABLE_TESTABILITY = YES;
				GCC_C_LANGUAGE_STANDARD = gnu11;
				GCC_DYNAMIC_NO_PIC = NO;
				GCC_NO_COMMON_BLOCKS = YES;
				GCC_OPTIMIZATION_LEVEL = 0;
				GCC_PREPROCESSOR_DEFINITIONS = (
					"DEBUG=1",
					"$(inherited)",
				);
				GCC_WARN_64_TO_32_BIT_CONVERSION = YES;
				GCC_WARN_ABOUT_RETURN_TYPE = YES_ERROR;
				GCC_WARN_UNDECLARED_SELECTOR = YES;
				GCC_WARN_UNINITIALIZED_AUTOS = YES_AGGRESSIVE;
				GCC_WARN_UNUSED_FUNCTION = YES;
				GCC_WARN_UNUSED_VARIABLE = YES;
				IPHONEOS_DEPLOYMENT_TARGET = 15.2;
				MTL_ENABLE_DEBUG_INFO = INCLUDE_SOURCE;
				MTL_FAST_MATH = YES;
				ONLY_ACTIVE_ARCH = YES;
				SDKROOT = iphoneos;
				SWIFT_ACTIVE_COMPILATION_CONDITIONS = DEBUG;
				SWIFT_OPTIMIZATION_LEVEL = "-Onone";
			};
			name = Debug;
		};
		2E36F8312769F954002C986B /* Release */ = {
			isa = XCBuildConfiguration;
			buildSettings = {
				ALWAYS_SEARCH_USER_PATHS = NO;
				CLANG_ANALYZER_NONNULL = YES;
				CLANG_ANALYZER_NUMBER_OBJECT_CONVERSION = YES_AGGRESSIVE;
				CLANG_CXX_LANGUAGE_STANDARD = "gnu++17";
				CLANG_CXX_LIBRARY = "libc++";
				CLANG_ENABLE_MODULES = YES;
				CLANG_ENABLE_OBJC_ARC = YES;
				CLANG_ENABLE_OBJC_WEAK = YES;
				CLANG_WARN_BLOCK_CAPTURE_AUTORELEASING = YES;
				CLANG_WARN_BOOL_CONVERSION = YES;
				CLANG_WARN_COMMA = YES;
				CLANG_WARN_CONSTANT_CONVERSION = YES;
				CLANG_WARN_DEPRECATED_OBJC_IMPLEMENTATIONS = YES;
				CLANG_WARN_DIRECT_OBJC_ISA_USAGE = YES_ERROR;
				CLANG_WARN_DOCUMENTATION_COMMENTS = YES;
				CLANG_WARN_EMPTY_BODY = YES;
				CLANG_WARN_ENUM_CONVERSION = YES;
				CLANG_WARN_INFINITE_RECURSION = YES;
				CLANG_WARN_INT_CONVERSION = YES;
				CLANG_WARN_NON_LITERAL_NULL_CONVERSION = YES;
				CLANG_WARN_OBJC_IMPLICIT_RETAIN_SELF = YES;
				CLANG_WARN_OBJC_LITERAL_CONVERSION = YES;
				CLANG_WARN_OBJC_ROOT_CLASS = YES_ERROR;
				CLANG_WARN_QUOTED_INCLUDE_IN_FRAMEWORK_HEADER = YES;
				CLANG_WARN_RANGE_LOOP_ANALYSIS = YES;
				CLANG_WARN_STRICT_PROTOTYPES = YES;
				CLANG_WARN_SUSPICIOUS_MOVE = YES;
				CLANG_WARN_UNGUARDED_AVAILABILITY = YES_AGGRESSIVE;
				CLANG_WARN_UNREACHABLE_CODE = YES;
				CLANG_WARN__DUPLICATE_METHOD_MATCH = YES;
				COPY_PHASE_STRIP = NO;
				DEBUG_INFORMATION_FORMAT = "dwarf-with-dsym";
				ENABLE_NS_ASSERTIONS = NO;
				ENABLE_STRICT_OBJC_MSGSEND = YES;
				GCC_C_LANGUAGE_STANDARD = gnu11;
				GCC_NO_COMMON_BLOCKS = YES;
				GCC_WARN_64_TO_32_BIT_CONVERSION = YES;
				GCC_WARN_ABOUT_RETURN_TYPE = YES_ERROR;
				GCC_WARN_UNDECLARED_SELECTOR = YES;
				GCC_WARN_UNINITIALIZED_AUTOS = YES_AGGRESSIVE;
				GCC_WARN_UNUSED_FUNCTION = YES;
				GCC_WARN_UNUSED_VARIABLE = YES;
				IPHONEOS_DEPLOYMENT_TARGET = 15.2;
				MTL_ENABLE_DEBUG_INFO = NO;
				MTL_FAST_MATH = YES;
				SDKROOT = iphoneos;
				SWIFT_COMPILATION_MODE = wholemodule;
				SWIFT_OPTIMIZATION_LEVEL = "-O";
				VALIDATE_PRODUCT = YES;
			};
			name = Release;
		};
		2E36F8332769F954002C986B /* Debug */ = {
			isa = XCBuildConfiguration;
			buildSettings = {
				ASSETCATALOG_COMPILER_APPICON_NAME = AppIcon;
				ASSETCATALOG_COMPILER_GLOBAL_ACCENT_COLOR_NAME = AccentColor;
				CODE_SIGN_STYLE = Automatic;
				CURRENT_PROJECT_VERSION = 1;
				GENERATE_INFOPLIST_FILE = YES;
				INFOPLIST_FILE = Carrot_Prac/Info.plist;
				INFOPLIST_KEY_UIApplicationSupportsIndirectInputEvents = YES;
				INFOPLIST_KEY_UILaunchStoryboardName = LaunchScreen;
				INFOPLIST_KEY_UIMainStoryboardFile = Main;
				INFOPLIST_KEY_UISupportedInterfaceOrientations_iPad = "UIInterfaceOrientationPortrait UIInterfaceOrientationPortraitUpsideDown UIInterfaceOrientationLandscapeLeft UIInterfaceOrientationLandscapeRight";
				INFOPLIST_KEY_UISupportedInterfaceOrientations_iPhone = "UIInterfaceOrientationPortrait UIInterfaceOrientationLandscapeLeft UIInterfaceOrientationLandscapeRight";
				LD_RUNPATH_SEARCH_PATHS = (
					"$(inherited)",
					"@executable_path/Frameworks",
				);
				MARKETING_VERSION = 1.0;
				PRODUCT_BUNDLE_IDENTIFIER = "com.sehun.Carrot-Prac";
				PRODUCT_NAME = "$(TARGET_NAME)";
				SWIFT_EMIT_LOC_STRINGS = YES;
				SWIFT_VERSION = 5.0;
				TARGETED_DEVICE_FAMILY = "1,2";
			};
			name = Debug;
		};
		2E36F8342769F954002C986B /* Release */ = {
			isa = XCBuildConfiguration;
			buildSettings = {
				ASSETCATALOG_COMPILER_APPICON_NAME = AppIcon;
				ASSETCATALOG_COMPILER_GLOBAL_ACCENT_COLOR_NAME = AccentColor;
				CODE_SIGN_STYLE = Automatic;
				CURRENT_PROJECT_VERSION = 1;
				GENERATE_INFOPLIST_FILE = YES;
				INFOPLIST_FILE = Carrot_Prac/Info.plist;
				INFOPLIST_KEY_UIApplicationSupportsIndirectInputEvents = YES;
				INFOPLIST_KEY_UILaunchStoryboardName = LaunchScreen;
				INFOPLIST_KEY_UIMainStoryboardFile = Main;
				INFOPLIST_KEY_UISupportedInterfaceOrientations_iPad = "UIInterfaceOrientationPortrait UIInterfaceOrientationPortraitUpsideDown UIInterfaceOrientationLandscapeLeft UIInterfaceOrientationLandscapeRight";
				INFOPLIST_KEY_UISupportedInterfaceOrientations_iPhone = "UIInterfaceOrientationPortrait UIInterfaceOrientationLandscapeLeft UIInterfaceOrientationLandscapeRight";
				LD_RUNPATH_SEARCH_PATHS = (
					"$(inherited)",
					"@executable_path/Frameworks",
				);
				MARKETING_VERSION = 1.0;
				PRODUCT_BUNDLE_IDENTIFIER = "com.sehun.Carrot-Prac";
				PRODUCT_NAME = "$(TARGET_NAME)";
				SWIFT_EMIT_LOC_STRINGS = YES;
				SWIFT_VERSION = 5.0;
				TARGETED_DEVICE_FAMILY = "1,2";
			};
			name = Release;
		};
		2E36F8362769F954002C986B /* Debug */ = {
			isa = XCBuildConfiguration;
			buildSettings = {
				ALWAYS_EMBED_SWIFT_STANDARD_LIBRARIES = YES;
				BUNDLE_LOADER = "$(TEST_HOST)";
				CODE_SIGN_STYLE = Automatic;
				CURRENT_PROJECT_VERSION = 1;
				GENERATE_INFOPLIST_FILE = YES;
				IPHONEOS_DEPLOYMENT_TARGET = 15.2;
				MARKETING_VERSION = 1.0;
				PRODUCT_BUNDLE_IDENTIFIER = "com.sehun.Carrot-PracTests";
				PRODUCT_NAME = "$(TARGET_NAME)";
				SWIFT_EMIT_LOC_STRINGS = NO;
				SWIFT_VERSION = 5.0;
				TARGETED_DEVICE_FAMILY = "1,2";
				TEST_HOST = "$(BUILT_PRODUCTS_DIR)/Carrot_Prac.app/Carrot_Prac";
			};
			name = Debug;
		};
		2E36F8372769F954002C986B /* Release */ = {
			isa = XCBuildConfiguration;
			buildSettings = {
				ALWAYS_EMBED_SWIFT_STANDARD_LIBRARIES = YES;
				BUNDLE_LOADER = "$(TEST_HOST)";
				CODE_SIGN_STYLE = Automatic;
				CURRENT_PROJECT_VERSION = 1;
				GENERATE_INFOPLIST_FILE = YES;
				IPHONEOS_DEPLOYMENT_TARGET = 15.2;
				MARKETING_VERSION = 1.0;
				PRODUCT_BUNDLE_IDENTIFIER = "com.sehun.Carrot-PracTests";
				PRODUCT_NAME = "$(TARGET_NAME)";
				SWIFT_EMIT_LOC_STRINGS = NO;
				SWIFT_VERSION = 5.0;
				TARGETED_DEVICE_FAMILY = "1,2";
				TEST_HOST = "$(BUILT_PRODUCTS_DIR)/Carrot_Prac.app/Carrot_Prac";
			};
			name = Release;
		};
		2E36F8392769F954002C986B /* Debug */ = {
			isa = XCBuildConfiguration;
			buildSettings = {
				ALWAYS_EMBED_SWIFT_STANDARD_LIBRARIES = YES;
				CODE_SIGN_STYLE = Automatic;
				CURRENT_PROJECT_VERSION = 1;
				GENERATE_INFOPLIST_FILE = YES;
				MARKETING_VERSION = 1.0;
				PRODUCT_BUNDLE_IDENTIFIER = "com.sehun.Carrot-PracUITests";
				PRODUCT_NAME = "$(TARGET_NAME)";
				SWIFT_EMIT_LOC_STRINGS = NO;
				SWIFT_VERSION = 5.0;
				TARGETED_DEVICE_FAMILY = "1,2";
				TEST_TARGET_NAME = Carrot_Prac;
			};
			name = Debug;
		};
		2E36F83A2769F954002C986B /* Release */ = {
			isa = XCBuildConfiguration;
			buildSettings = {
				ALWAYS_EMBED_SWIFT_STANDARD_LIBRARIES = YES;
				CODE_SIGN_STYLE = Automatic;
				CURRENT_PROJECT_VERSION = 1;
				GENERATE_INFOPLIST_FILE = YES;
				MARKETING_VERSION = 1.0;
				PRODUCT_BUNDLE_IDENTIFIER = "com.sehun.Carrot-PracUITests";
				PRODUCT_NAME = "$(TARGET_NAME)";
				SWIFT_EMIT_LOC_STRINGS = NO;
				SWIFT_VERSION = 5.0;
				TARGETED_DEVICE_FAMILY = "1,2";
				TEST_TARGET_NAME = Carrot_Prac;
			};
			name = Release;
		};
/* End XCBuildConfiguration section */

/* Begin XCConfigurationList section */
		2E36F8032769F951002C986B /* Build configuration list for PBXProject "Carrot_Prac" */ = {
			isa = XCConfigurationList;
			buildConfigurations = (
				2E36F8302769F954002C986B /* Debug */,
				2E36F8312769F954002C986B /* Release */,
			);
			defaultConfigurationIsVisible = 0;
			defaultConfigurationName = Release;
		};
		2E36F8322769F954002C986B /* Build configuration list for PBXNativeTarget "Carrot_Prac" */ = {
			isa = XCConfigurationList;
			buildConfigurations = (
				2E36F8332769F954002C986B /* Debug */,
				2E36F8342769F954002C986B /* Release */,
			);
			defaultConfigurationIsVisible = 0;
			defaultConfigurationName = Release;
		};
		2E36F8352769F954002C986B /* Build configuration list for PBXNativeTarget "Carrot_PracTests" */ = {
			isa = XCConfigurationList;
			buildConfigurations = (
				2E36F8362769F954002C986B /* Debug */,
				2E36F8372769F954002C986B /* Release */,
			);
			defaultConfigurationIsVisible = 0;
			defaultConfigurationName = Release;
		};
		2E36F8382769F954002C986B /* Build configuration list for PBXNativeTarget "Carrot_PracUITests" */ = {
			isa = XCConfigurationList;
			buildConfigurations = (
				2E36F8392769F954002C986B /* Debug */,
				2E36F83A2769F954002C986B /* Release */,
			);
			defaultConfigurationIsVisible = 0;
			defaultConfigurationName = Release;
		};
/* End XCConfigurationList section */
	};
	rootObject = 2E36F8002769F951002C986B /* Project object */;
}
