// !$*UTF8*$!
{
	archiveVersion = 1;
	classes = {
	};
	objectVersion = 55;
	objects = {

/* Begin PBXBuildFile section */
		2EE99B81278287470042CD29 /* AppDelegate.swift in Sources */ = {isa = PBXBuildFile; fileRef = 2EE99B80278287470042CD29 /* AppDelegate.swift */; };
		2EE99B83278287470042CD29 /* SceneDelegate.swift in Sources */ = {isa = PBXBuildFile; fileRef = 2EE99B82278287470042CD29 /* SceneDelegate.swift */; };
		2EE99B85278287470042CD29 /* ViewController.swift in Sources */ = {isa = PBXBuildFile; fileRef = 2EE99B84278287470042CD29 /* ViewController.swift */; };
		2EE99B88278287470042CD29 /* Main.storyboard in Resources */ = {isa = PBXBuildFile; fileRef = 2EE99B86278287470042CD29 /* Main.storyboard */; };
		2EE99B8A278287490042CD29 /* Assets.xcassets in Resources */ = {isa = PBXBuildFile; fileRef = 2EE99B89278287490042CD29 /* Assets.xcassets */; };
		2EE99B8D278287490042CD29 /* LaunchScreen.storyboard in Resources */ = {isa = PBXBuildFile; fileRef = 2EE99B8B278287490042CD29 /* LaunchScreen.storyboard */; };
		2EE99B98278287490042CD29 /* Rx_PracticeTests.swift in Sources */ = {isa = PBXBuildFile; fileRef = 2EE99B97278287490042CD29 /* Rx_PracticeTests.swift */; };
		2EE99BA2278287490042CD29 /* Rx_PracticeUITests.swift in Sources */ = {isa = PBXBuildFile; fileRef = 2EE99BA1278287490042CD29 /* Rx_PracticeUITests.swift */; };
		2EE99BA4278287490042CD29 /* Rx_PracticeUITestsLaunchTests.swift in Sources */ = {isa = PBXBuildFile; fileRef = 2EE99BA3278287490042CD29 /* Rx_PracticeUITestsLaunchTests.swift */; };
/* End PBXBuildFile section */

/* Begin PBXContainerItemProxy section */
		2EE99B94278287490042CD29 /* PBXContainerItemProxy */ = {
			isa = PBXContainerItemProxy;
			containerPortal = 2EE99B75278287470042CD29 /* Project object */;
			proxyType = 1;
			remoteGlobalIDString = 2EE99B7C278287470042CD29;
			remoteInfo = Rx_Practice;
		};
		2EE99B9E278287490042CD29 /* PBXContainerItemProxy */ = {
			isa = PBXContainerItemProxy;
			containerPortal = 2EE99B75278287470042CD29 /* Project object */;
			proxyType = 1;
			remoteGlobalIDString = 2EE99B7C278287470042CD29;
			remoteInfo = Rx_Practice;
		};
/* End PBXContainerItemProxy section */

/* Begin PBXFileReference section */
		2EE99B7D278287470042CD29 /* Rx_Practice.app */ = {isa = PBXFileReference; explicitFileType = wrapper.application; includeInIndex = 0; path = Rx_Practice.app; sourceTree = BUILT_PRODUCTS_DIR; };
		2EE99B80278287470042CD29 /* AppDelegate.swift */ = {isa = PBXFileReference; lastKnownFileType = sourcecode.swift; path = AppDelegate.swift; sourceTree = "<group>"; };
		2EE99B82278287470042CD29 /* SceneDelegate.swift */ = {isa = PBXFileReference; lastKnownFileType = sourcecode.swift; path = SceneDelegate.swift; sourceTree = "<group>"; };
		2EE99B84278287470042CD29 /* ViewController.swift */ = {isa = PBXFileReference; lastKnownFileType = sourcecode.swift; path = ViewController.swift; sourceTree = "<group>"; };
		2EE99B87278287470042CD29 /* Base */ = {isa = PBXFileReference; lastKnownFileType = file.storyboard; name = Base; path = Base.lproj/Main.storyboard; sourceTree = "<group>"; };
		2EE99B89278287490042CD29 /* Assets.xcassets */ = {isa = PBXFileReference; lastKnownFileType = folder.assetcatalog; path = Assets.xcassets; sourceTree = "<group>"; };
		2EE99B8C278287490042CD29 /* Base */ = {isa = PBXFileReference; lastKnownFileType = file.storyboard; name = Base; path = Base.lproj/LaunchScreen.storyboard; sourceTree = "<group>"; };
		2EE99B8E278287490042CD29 /* Info.plist */ = {isa = PBXFileReference; lastKnownFileType = text.plist.xml; path = Info.plist; sourceTree = "<group>"; };
		2EE99B93278287490042CD29 /* Rx_PracticeTests.xctest */ = {isa = PBXFileReference; explicitFileType = wrapper.cfbundle; includeInIndex = 0; path = Rx_PracticeTests.xctest; sourceTree = BUILT_PRODUCTS_DIR; };
		2EE99B97278287490042CD29 /* Rx_PracticeTests.swift */ = {isa = PBXFileReference; lastKnownFileType = sourcecode.swift; path = Rx_PracticeTests.swift; sourceTree = "<group>"; };
		2EE99B9D278287490042CD29 /* Rx_PracticeUITests.xctest */ = {isa = PBXFileReference; explicitFileType = wrapper.cfbundle; includeInIndex = 0; path = Rx_PracticeUITests.xctest; sourceTree = BUILT_PRODUCTS_DIR; };
		2EE99BA1278287490042CD29 /* Rx_PracticeUITests.swift */ = {isa = PBXFileReference; lastKnownFileType = sourcecode.swift; path = Rx_PracticeUITests.swift; sourceTree = "<group>"; };
		2EE99BA3278287490042CD29 /* Rx_PracticeUITestsLaunchTests.swift */ = {isa = PBXFileReference; lastKnownFileType = sourcecode.swift; path = Rx_PracticeUITestsLaunchTests.swift; sourceTree = "<group>"; };
/* End PBXFileReference section */

/* Begin PBXFrameworksBuildPhase section */
		2EE99B7A278287470042CD29 /* Frameworks */ = {
			isa = PBXFrameworksBuildPhase;
			buildActionMask = 2147483647;
			files = (
			);
			runOnlyForDeploymentPostprocessing = 0;
		};
		2EE99B90278287490042CD29 /* Frameworks */ = {
			isa = PBXFrameworksBuildPhase;
			buildActionMask = 2147483647;
			files = (
			);
			runOnlyForDeploymentPostprocessing = 0;
		};
		2EE99B9A278287490042CD29 /* Frameworks */ = {
			isa = PBXFrameworksBuildPhase;
			buildActionMask = 2147483647;
			files = (
			);
			runOnlyForDeploymentPostprocessing = 0;
		};
/* End PBXFrameworksBuildPhase section */

/* Begin PBXGroup section */
		2EE99B74278287470042CD29 = {
			isa = PBXGroup;
			children = (
				2EE99B7F278287470042CD29 /* Rx_Practice */,
				2EE99B96278287490042CD29 /* Rx_PracticeTests */,
				2EE99BA0278287490042CD29 /* Rx_PracticeUITests */,
				2EE99B7E278287470042CD29 /* Products */,
			);
			sourceTree = "<group>";
		};
		2EE99B7E278287470042CD29 /* Products */ = {
			isa = PBXGroup;
			children = (
				2EE99B7D278287470042CD29 /* Rx_Practice.app */,
				2EE99B93278287490042CD29 /* Rx_PracticeTests.xctest */,
				2EE99B9D278287490042CD29 /* Rx_PracticeUITests.xctest */,
			);
			name = Products;
			sourceTree = "<group>";
		};
		2EE99B7F278287470042CD29 /* Rx_Practice */ = {
			isa = PBXGroup;
			children = (
				2EE99B80278287470042CD29 /* AppDelegate.swift */,
				2EE99B82278287470042CD29 /* SceneDelegate.swift */,
				2EE99B84278287470042CD29 /* ViewController.swift */,
				2EE99B86278287470042CD29 /* Main.storyboard */,
				2EE99B89278287490042CD29 /* Assets.xcassets */,
				2EE99B8B278287490042CD29 /* LaunchScreen.storyboard */,
				2EE99B8E278287490042CD29 /* Info.plist */,
			);
			path = Rx_Practice;
			sourceTree = "<group>";
		};
		2EE99B96278287490042CD29 /* Rx_PracticeTests */ = {
			isa = PBXGroup;
			children = (
				2EE99B97278287490042CD29 /* Rx_PracticeTests.swift */,
			);
			path = Rx_PracticeTests;
			sourceTree = "<group>";
		};
		2EE99BA0278287490042CD29 /* Rx_PracticeUITests */ = {
			isa = PBXGroup;
			children = (
				2EE99BA1278287490042CD29 /* Rx_PracticeUITests.swift */,
				2EE99BA3278287490042CD29 /* Rx_PracticeUITestsLaunchTests.swift */,
			);
			path = Rx_PracticeUITests;
			sourceTree = "<group>";
		};
/* End PBXGroup section */

/* Begin PBXNativeTarget section */
		2EE99B7C278287470042CD29 /* Rx_Practice */ = {
			isa = PBXNativeTarget;
			buildConfigurationList = 2EE99BA7278287490042CD29 /* Build configuration list for PBXNativeTarget "Rx_Practice" */;
			buildPhases = (
				2EE99B79278287470042CD29 /* Sources */,
				2EE99B7A278287470042CD29 /* Frameworks */,
				2EE99B7B278287470042CD29 /* Resources */,
			);
			buildRules = (
			);
			dependencies = (
			);
			name = Rx_Practice;
			productName = Rx_Practice;
			productReference = 2EE99B7D278287470042CD29 /* Rx_Practice.app */;
			productType = "com.apple.product-type.application";
		};
		2EE99B92278287490042CD29 /* Rx_PracticeTests */ = {
			isa = PBXNativeTarget;
			buildConfigurationList = 2EE99BAA278287490042CD29 /* Build configuration list for PBXNativeTarget "Rx_PracticeTests" */;
			buildPhases = (
				2EE99B8F278287490042CD29 /* Sources */,
				2EE99B90278287490042CD29 /* Frameworks */,
				2EE99B91278287490042CD29 /* Resources */,
			);
			buildRules = (
			);
			dependencies = (
				2EE99B95278287490042CD29 /* PBXTargetDependency */,
			);
			name = Rx_PracticeTests;
			productName = Rx_PracticeTests;
			productReference = 2EE99B93278287490042CD29 /* Rx_PracticeTests.xctest */;
			productType = "com.apple.product-type.bundle.unit-test";
		};
		2EE99B9C278287490042CD29 /* Rx_PracticeUITests */ = {
			isa = PBXNativeTarget;
			buildConfigurationList = 2EE99BAD278287490042CD29 /* Build configuration list for PBXNativeTarget "Rx_PracticeUITests" */;
			buildPhases = (
				2EE99B99278287490042CD29 /* Sources */,
				2EE99B9A278287490042CD29 /* Frameworks */,
				2EE99B9B278287490042CD29 /* Resources */,
			);
			buildRules = (
			);
			dependencies = (
				2EE99B9F278287490042CD29 /* PBXTargetDependency */,
			);
			name = Rx_PracticeUITests;
			productName = Rx_PracticeUITests;
			productReference = 2EE99B9D278287490042CD29 /* Rx_PracticeUITests.xctest */;
			productType = "com.apple.product-type.bundle.ui-testing";
		};
/* End PBXNativeTarget section */

/* Begin PBXProject section */
		2EE99B75278287470042CD29 /* Project object */ = {
			isa = PBXProject;
			attributes = {
				BuildIndependentTargetsInParallel = 1;
				LastSwiftUpdateCheck = 1320;
				LastUpgradeCheck = 1320;
				TargetAttributes = {
					2EE99B7C278287470042CD29 = {
						CreatedOnToolsVersion = 13.2;
					};
					2EE99B92278287490042CD29 = {
						CreatedOnToolsVersion = 13.2;
						TestTargetID = 2EE99B7C278287470042CD29;
					};
					2EE99B9C278287490042CD29 = {
						CreatedOnToolsVersion = 13.2;
						TestTargetID = 2EE99B7C278287470042CD29;
					};
				};
			};
			buildConfigurationList = 2EE99B78278287470042CD29 /* Build configuration list for PBXProject "Rx_Practice" */;
			compatibilityVersion = "Xcode 13.0";
			developmentRegion = en;
			hasScannedForEncodings = 0;
			knownRegions = (
				en,
				Base,
			);
			mainGroup = 2EE99B74278287470042CD29;
			productRefGroup = 2EE99B7E278287470042CD29 /* Products */;
			projectDirPath = "";
			projectRoot = "";
			targets = (
				2EE99B7C278287470042CD29 /* Rx_Practice */,
				2EE99B92278287490042CD29 /* Rx_PracticeTests */,
				2EE99B9C278287490042CD29 /* Rx_PracticeUITests */,
			);
		};
/* End PBXProject section */

/* Begin PBXResourcesBuildPhase section */
		2EE99B7B278287470042CD29 /* Resources */ = {
			isa = PBXResourcesBuildPhase;
			buildActionMask = 2147483647;
			files = (
				2EE99B8D278287490042CD29 /* LaunchScreen.storyboard in Resources */,
				2EE99B8A278287490042CD29 /* Assets.xcassets in Resources */,
				2EE99B88278287470042CD29 /* Main.storyboard in Resources */,
			);
			runOnlyForDeploymentPostprocessing = 0;
		};
		2EE99B91278287490042CD29 /* Resources */ = {
			isa = PBXResourcesBuildPhase;
			buildActionMask = 2147483647;
			files = (
			);
			runOnlyForDeploymentPostprocessing = 0;
		};
		2EE99B9B278287490042CD29 /* Resources */ = {
			isa = PBXResourcesBuildPhase;
			buildActionMask = 2147483647;
			files = (
			);
			runOnlyForDeploymentPostprocessing = 0;
		};
/* End PBXResourcesBuildPhase section */

/* Begin PBXSourcesBuildPhase section */
		2EE99B79278287470042CD29 /* Sources */ = {
			isa = PBXSourcesBuildPhase;
			buildActionMask = 2147483647;
			files = (
				2EE99B85278287470042CD29 /* ViewController.swift in Sources */,
				2EE99B81278287470042CD29 /* AppDelegate.swift in Sources */,
				2EE99B83278287470042CD29 /* SceneDelegate.swift in Sources */,
			);
			runOnlyForDeploymentPostprocessing = 0;
		};
		2EE99B8F278287490042CD29 /* Sources */ = {
			isa = PBXSourcesBuildPhase;
			buildActionMask = 2147483647;
			files = (
				2EE99B98278287490042CD29 /* Rx_PracticeTests.swift in Sources */,
			);
			runOnlyForDeploymentPostprocessing = 0;
		};
		2EE99B99278287490042CD29 /* Sources */ = {
			isa = PBXSourcesBuildPhase;
			buildActionMask = 2147483647;
			files = (
				2EE99BA2278287490042CD29 /* Rx_PracticeUITests.swift in Sources */,
				2EE99BA4278287490042CD29 /* Rx_PracticeUITestsLaunchTests.swift in Sources */,
			);
			runOnlyForDeploymentPostprocessing = 0;
		};
/* End PBXSourcesBuildPhase section */

/* Begin PBXTargetDependency section */
		2EE99B95278287490042CD29 /* PBXTargetDependency */ = {
			isa = PBXTargetDependency;
			target = 2EE99B7C278287470042CD29 /* Rx_Practice */;
			targetProxy = 2EE99B94278287490042CD29 /* PBXContainerItemProxy */;
		};
		2EE99B9F278287490042CD29 /* PBXTargetDependency */ = {
			isa = PBXTargetDependency;
			target = 2EE99B7C278287470042CD29 /* Rx_Practice */;
			targetProxy = 2EE99B9E278287490042CD29 /* PBXContainerItemProxy */;
		};
/* End PBXTargetDependency section */

/* Begin PBXVariantGroup section */
		2EE99B86278287470042CD29 /* Main.storyboard */ = {
			isa = PBXVariantGroup;
			children = (
				2EE99B87278287470042CD29 /* Base */,
			);
			name = Main.storyboard;
			sourceTree = "<group>";
		};
		2EE99B8B278287490042CD29 /* LaunchScreen.storyboard */ = {
			isa = PBXVariantGroup;
			children = (
				2EE99B8C278287490042CD29 /* Base */,
			);
			name = LaunchScreen.storyboard;
			sourceTree = "<group>";
		};
/* End PBXVariantGroup section */

/* Begin XCBuildConfiguration section */
		2EE99BA5278287490042CD29 /* Debug */ = {
			isa = XCBuildConfiguration;
			buildSettings = {
				ALWAYS_SEARCH_USER_PATHS = NO;
				CLANG_ANALYZER_NONNULL = YES;
				CLANG_ANALYZER_NUMBER_OBJECT_CONVERSION = YES_AGGRESSIVE;
				CLANG_CXX_LANGUAGE_STANDARD = "gnu++17";
				CLANG_CXX_LIBRARY = "libc++";
				CLANG_ENABLE_MODULES = YES;
				CLANG_ENABLE_OBJC_ARC = YES;
				CLANG_ENABLE_OBJC_WEAK = YES;
				CLANG_WARN_BLOCK_CAPTURE_AUTORELEASING = YES;
				CLANG_WARN_BOOL_CONVERSION = YES;
				CLANG_WARN_COMMA = YES;
				CLANG_WARN_CONSTANT_CONVERSION = YES;
				CLANG_WARN_DEPRECATED_OBJC_IMPLEMENTATIONS = YES;
				CLANG_WARN_DIRECT_OBJC_ISA_USAGE = YES_ERROR;
				CLANG_WARN_DOCUMENTATION_COMMENTS = YES;
				CLANG_WARN_EMPTY_BODY = YES;
				CLANG_WARN_ENUM_CONVERSION = YES;
				CLANG_WARN_INFINITE_RECURSION = YES;
				CLANG_WARN_INT_CONVERSION = YES;
				CLANG_WARN_NON_LITERAL_NULL_CONVERSION = YES;
				CLANG_WARN_OBJC_IMPLICIT_RETAIN_SELF = YES;
				CLANG_WARN_OBJC_LITERAL_CONVERSION = YES;
				CLANG_WARN_OBJC_ROOT_CLASS = YES_ERROR;
				CLANG_WARN_QUOTED_INCLUDE_IN_FRAMEWORK_HEADER = YES;
				CLANG_WARN_RANGE_LOOP_ANALYSIS = YES;
				CLANG_WARN_STRICT_PROTOTYPES = YES;
				CLANG_WARN_SUSPICIOUS_MOVE = YES;
				CLANG_WARN_UNGUARDED_AVAILABILITY = YES_AGGRESSIVE;
				CLANG_WARN_UNREACHABLE_CODE = YES;
				CLANG_WARN__DUPLICATE_METHOD_MATCH = YES;
				COPY_PHASE_STRIP = NO;
				DEBUG_INFORMATION_FORMAT = dwarf;
				ENABLE_STRICT_OBJC_MSGSEND = YES;
				ENABLE_TESTABILITY = YES;
				GCC_C_LANGUAGE_STANDARD = gnu11;
				GCC_DYNAMIC_NO_PIC = NO;
				GCC_NO_COMMON_BLOCKS = YES;
				GCC_OPTIMIZATION_LEVEL = 0;
				GCC_PREPROCESSOR_DEFINITIONS = (
					"DEBUG=1",
					"$(inherited)",
				);
				GCC_WARN_64_TO_32_BIT_CONVERSION = YES;
				GCC_WARN_ABOUT_RETURN_TYPE = YES_ERROR;
				GCC_WARN_UNDECLARED_SELECTOR = YES;
				GCC_WARN_UNINITIALIZED_AUTOS = YES_AGGRESSIVE;
				GCC_WARN_UNUSED_FUNCTION = YES;
				GCC_WARN_UNUSED_VARIABLE = YES;
				IPHONEOS_DEPLOYMENT_TARGET = 15.2;
				MTL_ENABLE_DEBUG_INFO = INCLUDE_SOURCE;
				MTL_FAST_MATH = YES;
				ONLY_ACTIVE_ARCH = YES;
				SDKROOT = iphoneos;
				SWIFT_ACTIVE_COMPILATION_CONDITIONS = DEBUG;
				SWIFT_OPTIMIZATION_LEVEL = "-Onone";
			};
			name = Debug;
		};
		2EE99BA6278287490042CD29 /* Release */ = {
			isa = XCBuildConfiguration;
			buildSettings = {
				ALWAYS_SEARCH_USER_PATHS = NO;
				CLANG_ANALYZER_NONNULL = YES;
				CLANG_ANALYZER_NUMBER_OBJECT_CONVERSION = YES_AGGRESSIVE;
				CLANG_CXX_LANGUAGE_STANDARD = "gnu++17";
				CLANG_CXX_LIBRARY = "libc++";
				CLANG_ENABLE_MODULES = YES;
				CLANG_ENABLE_OBJC_ARC = YES;
				CLANG_ENABLE_OBJC_WEAK = YES;
				CLANG_WARN_BLOCK_CAPTURE_AUTORELEASING = YES;
				CLANG_WARN_BOOL_CONVERSION = YES;
				CLANG_WARN_COMMA = YES;
				CLANG_WARN_CONSTANT_CONVERSION = YES;
				CLANG_WARN_DEPRECATED_OBJC_IMPLEMENTATIONS = YES;
				CLANG_WARN_DIRECT_OBJC_ISA_USAGE = YES_ERROR;
				CLANG_WARN_DOCUMENTATION_COMMENTS = YES;
				CLANG_WARN_EMPTY_BODY = YES;
				CLANG_WARN_ENUM_CONVERSION = YES;
				CLANG_WARN_INFINITE_RECURSION = YES;
				CLANG_WARN_INT_CONVERSION = YES;
				CLANG_WARN_NON_LITERAL_NULL_CONVERSION = YES;
				CLANG_WARN_OBJC_IMPLICIT_RETAIN_SELF = YES;
				CLANG_WARN_OBJC_LITERAL_CONVERSION = YES;
				CLANG_WARN_OBJC_ROOT_CLASS = YES_ERROR;
				CLANG_WARN_QUOTED_INCLUDE_IN_FRAMEWORK_HEADER = YES;
				CLANG_WARN_RANGE_LOOP_ANALYSIS = YES;
				CLANG_WARN_STRICT_PROTOTYPES = YES;
				CLANG_WARN_SUSPICIOUS_MOVE = YES;
				CLANG_WARN_UNGUARDED_AVAILABILITY = YES_AGGRESSIVE;
				CLANG_WARN_UNREACHABLE_CODE = YES;
				CLANG_WARN__DUPLICATE_METHOD_MATCH = YES;
				COPY_PHASE_STRIP = NO;
				DEBUG_INFORMATION_FORMAT = "dwarf-with-dsym";
				ENABLE_NS_ASSERTIONS = NO;
				ENABLE_STRICT_OBJC_MSGSEND = YES;
				GCC_C_LANGUAGE_STANDARD = gnu11;
				GCC_NO_COMMON_BLOCKS = YES;
				GCC_WARN_64_TO_32_BIT_CONVERSION = YES;
				GCC_WARN_ABOUT_RETURN_TYPE = YES_ERROR;
				GCC_WARN_UNDECLARED_SELECTOR = YES;
				GCC_WARN_UNINITIALIZED_AUTOS = YES_AGGRESSIVE;
				GCC_WARN_UNUSED_FUNCTION = YES;
				GCC_WARN_UNUSED_VARIABLE = YES;
				IPHONEOS_DEPLOYMENT_TARGET = 15.2;
				MTL_ENABLE_DEBUG_INFO = NO;
				MTL_FAST_MATH = YES;
				SDKROOT = iphoneos;
				SWIFT_COMPILATION_MODE = wholemodule;
				SWIFT_OPTIMIZATION_LEVEL = "-O";
				VALIDATE_PRODUCT = YES;
			};
			name = Release;
		};
		2EE99BA8278287490042CD29 /* Debug */ = {
			isa = XCBuildConfiguration;
			buildSettings = {
				ASSETCATALOG_COMPILER_APPICON_NAME = AppIcon;
				ASSETCATALOG_COMPILER_GLOBAL_ACCENT_COLOR_NAME = AccentColor;
				CODE_SIGN_STYLE = Automatic;
				CURRENT_PROJECT_VERSION = 1;
				DEVELOPMENT_TEAM = WXLXA9H28U;
				GENERATE_INFOPLIST_FILE = YES;
				INFOPLIST_FILE = Rx_Practice/Info.plist;
				INFOPLIST_KEY_UIApplicationSupportsIndirectInputEvents = YES;
				INFOPLIST_KEY_UILaunchStoryboardName = LaunchScreen;
				INFOPLIST_KEY_UIMainStoryboardFile = Main;
				INFOPLIST_KEY_UISupportedInterfaceOrientations_iPad = "UIInterfaceOrientationPortrait UIInterfaceOrientationPortraitUpsideDown UIInterfaceOrientationLandscapeLeft UIInterfaceOrientationLandscapeRight";
				INFOPLIST_KEY_UISupportedInterfaceOrientations_iPhone = "UIInterfaceOrientationPortrait UIInterfaceOrientationLandscapeLeft UIInterfaceOrientationLandscapeRight";
				LD_RUNPATH_SEARCH_PATHS = (
					"$(inherited)",
					"@executable_path/Frameworks",
				);
				MARKETING_VERSION = 1.0;
				PRODUCT_BUNDLE_IDENTIFIER = "com.sehun.Rx-Practice";
				PRODUCT_NAME = "$(TARGET_NAME)";
				SWIFT_EMIT_LOC_STRINGS = YES;
				SWIFT_VERSION = 5.0;
				TARGETED_DEVICE_FAMILY = "1,2";
			};
			name = Debug;
		};
		2EE99BA9278287490042CD29 /* Release */ = {
			isa = XCBuildConfiguration;
			buildSettings = {
				ASSETCATALOG_COMPILER_APPICON_NAME = AppIcon;
				ASSETCATALOG_COMPILER_GLOBAL_ACCENT_COLOR_NAME = AccentColor;
				CODE_SIGN_STYLE = Automatic;
				CURRENT_PROJECT_VERSION = 1;
				DEVELOPMENT_TEAM = WXLXA9H28U;
				GENERATE_INFOPLIST_FILE = YES;
				INFOPLIST_FILE = Rx_Practice/Info.plist;
				INFOPLIST_KEY_UIApplicationSupportsIndirectInputEvents = YES;
				INFOPLIST_KEY_UILaunchStoryboardName = LaunchScreen;
				INFOPLIST_KEY_UIMainStoryboardFile = Main;
				INFOPLIST_KEY_UISupportedInterfaceOrientations_iPad = "UIInterfaceOrientationPortrait UIInterfaceOrientationPortraitUpsideDown UIInterfaceOrientationLandscapeLeft UIInterfaceOrientationLandscapeRight";
				INFOPLIST_KEY_UISupportedInterfaceOrientations_iPhone = "UIInterfaceOrientationPortrait UIInterfaceOrientationLandscapeLeft UIInterfaceOrientationLandscapeRight";
				LD_RUNPATH_SEARCH_PATHS = (
					"$(inherited)",
					"@executable_path/Frameworks",
				);
				MARKETING_VERSION = 1.0;
				PRODUCT_BUNDLE_IDENTIFIER = "com.sehun.Rx-Practice";
				PRODUCT_NAME = "$(TARGET_NAME)";
				SWIFT_EMIT_LOC_STRINGS = YES;
				SWIFT_VERSION = 5.0;
				TARGETED_DEVICE_FAMILY = "1,2";
			};
			name = Release;
		};
		2EE99BAB278287490042CD29 /* Debug */ = {
			isa = XCBuildConfiguration;
			buildSettings = {
				ALWAYS_EMBED_SWIFT_STANDARD_LIBRARIES = YES;
				BUNDLE_LOADER = "$(TEST_HOST)";
				CODE_SIGN_STYLE = Automatic;
				CURRENT_PROJECT_VERSION = 1;
				DEVELOPMENT_TEAM = WXLXA9H28U;
				GENERATE_INFOPLIST_FILE = YES;
				IPHONEOS_DEPLOYMENT_TARGET = 15.2;
				MARKETING_VERSION = 1.0;
				PRODUCT_BUNDLE_IDENTIFIER = "com.sehun.Rx-PracticeTests";
				PRODUCT_NAME = "$(TARGET_NAME)";
				SWIFT_EMIT_LOC_STRINGS = NO;
				SWIFT_VERSION = 5.0;
				TARGETED_DEVICE_FAMILY = "1,2";
				TEST_HOST = "$(BUILT_PRODUCTS_DIR)/Rx_Practice.app/Rx_Practice";
			};
			name = Debug;
		};
		2EE99BAC278287490042CD29 /* Release */ = {
			isa = XCBuildConfiguration;
			buildSettings = {
				ALWAYS_EMBED_SWIFT_STANDARD_LIBRARIES = YES;
				BUNDLE_LOADER = "$(TEST_HOST)";
				CODE_SIGN_STYLE = Automatic;
				CURRENT_PROJECT_VERSION = 1;
				DEVELOPMENT_TEAM = WXLXA9H28U;
				GENERATE_INFOPLIST_FILE = YES;
				IPHONEOS_DEPLOYMENT_TARGET = 15.2;
				MARKETING_VERSION = 1.0;
				PRODUCT_BUNDLE_IDENTIFIER = "com.sehun.Rx-PracticeTests";
				PRODUCT_NAME = "$(TARGET_NAME)";
				SWIFT_EMIT_LOC_STRINGS = NO;
				SWIFT_VERSION = 5.0;
				TARGETED_DEVICE_FAMILY = "1,2";
				TEST_HOST = "$(BUILT_PRODUCTS_DIR)/Rx_Practice.app/Rx_Practice";
			};
			name = Release;
		};
		2EE99BAE278287490042CD29 /* Debug */ = {
			isa = XCBuildConfiguration;
			buildSettings = {
				ALWAYS_EMBED_SWIFT_STANDARD_LIBRARIES = YES;
				CODE_SIGN_STYLE = Automatic;
				CURRENT_PROJECT_VERSION = 1;
				DEVELOPMENT_TEAM = WXLXA9H28U;
				GENERATE_INFOPLIST_FILE = YES;
				MARKETING_VERSION = 1.0;
				PRODUCT_BUNDLE_IDENTIFIER = "com.sehun.Rx-PracticeUITests";
				PRODUCT_NAME = "$(TARGET_NAME)";
				SWIFT_EMIT_LOC_STRINGS = NO;
				SWIFT_VERSION = 5.0;
				TARGETED_DEVICE_FAMILY = "1,2";
				TEST_TARGET_NAME = Rx_Practice;
			};
			name = Debug;
		};
		2EE99BAF278287490042CD29 /* Release */ = {
			isa = XCBuildConfiguration;
			buildSettings = {
				ALWAYS_EMBED_SWIFT_STANDARD_LIBRARIES = YES;
				CODE_SIGN_STYLE = Automatic;
				CURRENT_PROJECT_VERSION = 1;
				DEVELOPMENT_TEAM = WXLXA9H28U;
				GENERATE_INFOPLIST_FILE = YES;
				MARKETING_VERSION = 1.0;
				PRODUCT_BUNDLE_IDENTIFIER = "com.sehun.Rx-PracticeUITests";
				PRODUCT_NAME = "$(TARGET_NAME)";
				SWIFT_EMIT_LOC_STRINGS = NO;
				SWIFT_VERSION = 5.0;
				TARGETED_DEVICE_FAMILY = "1,2";
				TEST_TARGET_NAME = Rx_Practice;
			};
			name = Release;
		};
/* End XCBuildConfiguration section */

/* Begin XCConfigurationList section */
		2EE99B78278287470042CD29 /* Build configuration list for PBXProject "Rx_Practice" */ = {
			isa = XCConfigurationList;
			buildConfigurations = (
				2EE99BA5278287490042CD29 /* Debug */,
				2EE99BA6278287490042CD29 /* Release */,
			);
			defaultConfigurationIsVisible = 0;
			defaultConfigurationName = Release;
		};
		2EE99BA7278287490042CD29 /* Build configuration list for PBXNativeTarget "Rx_Practice" */ = {
			isa = XCConfigurationList;
			buildConfigurations = (
				2EE99BA8278287490042CD29 /* Debug */,
				2EE99BA9278287490042CD29 /* Release */,
			);
			defaultConfigurationIsVisible = 0;
			defaultConfigurationName = Release;
		};
		2EE99BAA278287490042CD29 /* Build configuration list for PBXNativeTarget "Rx_PracticeTests" */ = {
			isa = XCConfigurationList;
			buildConfigurations = (
				2EE99BAB278287490042CD29 /* Debug */,
				2EE99BAC278287490042CD29 /* Release */,
			);
			defaultConfigurationIsVisible = 0;
			defaultConfigurationName = Release;
		};
		2EE99BAD278287490042CD29 /* Build configuration list for PBXNativeTarget "Rx_PracticeUITests" */ = {
			isa = XCConfigurationList;
			buildConfigurations = (
				2EE99BAE278287490042CD29 /* Debug */,
				2EE99BAF278287490042CD29 /* Release */,
			);
			defaultConfigurationIsVisible = 0;
			defaultConfigurationName = Release;
		};
/* End XCConfigurationList section */
	};
	rootObject = 2EE99B75278287470042CD29 /* Project object */;
}
