// !$*UTF8*$!
{
	archiveVersion = 1;
	classes = {
	};
	objectVersion = 55;
	objects = {

/* Begin PBXBuildFile section */
		2EE99AD4277E94AD0042CD29 /* AppDelegate.swift in Sources */ = {isa = PBXBuildFile; fileRef = 2EE99AD3277E94AD0042CD29 /* AppDelegate.swift */; };
		2EE99AD6277E94AD0042CD29 /* SceneDelegate.swift in Sources */ = {isa = PBXBuildFile; fileRef = 2EE99AD5277E94AD0042CD29 /* SceneDelegate.swift */; };
		2EE99AD8277E94AD0042CD29 /* ViewController.swift in Sources */ = {isa = PBXBuildFile; fileRef = 2EE99AD7277E94AD0042CD29 /* ViewController.swift */; };
		2EE99ADB277E94AD0042CD29 /* Main.storyboard in Resources */ = {isa = PBXBuildFile; fileRef = 2EE99AD9277E94AD0042CD29 /* Main.storyboard */; };
		2EE99ADD277E94AF0042CD29 /* Assets.xcassets in Resources */ = {isa = PBXBuildFile; fileRef = 2EE99ADC277E94AF0042CD29 /* Assets.xcassets */; };
		2EE99AE0277E94AF0042CD29 /* LaunchScreen.storyboard in Resources */ = {isa = PBXBuildFile; fileRef = 2EE99ADE277E94AF0042CD29 /* LaunchScreen.storyboard */; };
		2EE99AEB277E94AF0042CD29 /* SeSAC_FarmTests.swift in Sources */ = {isa = PBXBuildFile; fileRef = 2EE99AEA277E94AF0042CD29 /* SeSAC_FarmTests.swift */; };
		2EE99AF5277E94AF0042CD29 /* SeSAC_FarmUITests.swift in Sources */ = {isa = PBXBuildFile; fileRef = 2EE99AF4277E94AF0042CD29 /* SeSAC_FarmUITests.swift */; };
		2EE99AF7277E94AF0042CD29 /* SeSAC_FarmUITestsLaunchTests.swift in Sources */ = {isa = PBXBuildFile; fileRef = 2EE99AF6277E94AF0042CD29 /* SeSAC_FarmUITestsLaunchTests.swift */; };
/* End PBXBuildFile section */

/* Begin PBXContainerItemProxy section */
		2EE99AE7277E94AF0042CD29 /* PBXContainerItemProxy */ = {
			isa = PBXContainerItemProxy;
			containerPortal = 2EE99AC8277E94AD0042CD29 /* Project object */;
			proxyType = 1;
			remoteGlobalIDString = 2EE99ACF277E94AD0042CD29;
			remoteInfo = SeSAC_Farm;
		};
		2EE99AF1277E94AF0042CD29 /* PBXContainerItemProxy */ = {
			isa = PBXContainerItemProxy;
			containerPortal = 2EE99AC8277E94AD0042CD29 /* Project object */;
			proxyType = 1;
			remoteGlobalIDString = 2EE99ACF277E94AD0042CD29;
			remoteInfo = SeSAC_Farm;
		};
/* End PBXContainerItemProxy section */

/* Begin PBXFileReference section */
		2EE99AD0277E94AD0042CD29 /* SeSAC_Farm.app */ = {isa = PBXFileReference; explicitFileType = wrapper.application; includeInIndex = 0; path = SeSAC_Farm.app; sourceTree = BUILT_PRODUCTS_DIR; };
		2EE99AD3277E94AD0042CD29 /* AppDelegate.swift */ = {isa = PBXFileReference; lastKnownFileType = sourcecode.swift; path = AppDelegate.swift; sourceTree = "<group>"; };
		2EE99AD5277E94AD0042CD29 /* SceneDelegate.swift */ = {isa = PBXFileReference; lastKnownFileType = sourcecode.swift; path = SceneDelegate.swift; sourceTree = "<group>"; };
		2EE99AD7277E94AD0042CD29 /* ViewController.swift */ = {isa = PBXFileReference; lastKnownFileType = sourcecode.swift; path = ViewController.swift; sourceTree = "<group>"; };
		2EE99ADA277E94AD0042CD29 /* Base */ = {isa = PBXFileReference; lastKnownFileType = file.storyboard; name = Base; path = Base.lproj/Main.storyboard; sourceTree = "<group>"; };
		2EE99ADC277E94AF0042CD29 /* Assets.xcassets */ = {isa = PBXFileReference; lastKnownFileType = folder.assetcatalog; path = Assets.xcassets; sourceTree = "<group>"; };
		2EE99ADF277E94AF0042CD29 /* Base */ = {isa = PBXFileReference; lastKnownFileType = file.storyboard; name = Base; path = Base.lproj/LaunchScreen.storyboard; sourceTree = "<group>"; };
		2EE99AE1277E94AF0042CD29 /* Info.plist */ = {isa = PBXFileReference; lastKnownFileType = text.plist.xml; path = Info.plist; sourceTree = "<group>"; };
		2EE99AE6277E94AF0042CD29 /* SeSAC_FarmTests.xctest */ = {isa = PBXFileReference; explicitFileType = wrapper.cfbundle; includeInIndex = 0; path = SeSAC_FarmTests.xctest; sourceTree = BUILT_PRODUCTS_DIR; };
		2EE99AEA277E94AF0042CD29 /* SeSAC_FarmTests.swift */ = {isa = PBXFileReference; lastKnownFileType = sourcecode.swift; path = SeSAC_FarmTests.swift; sourceTree = "<group>"; };
		2EE99AF0277E94AF0042CD29 /* SeSAC_FarmUITests.xctest */ = {isa = PBXFileReference; explicitFileType = wrapper.cfbundle; includeInIndex = 0; path = SeSAC_FarmUITests.xctest; sourceTree = BUILT_PRODUCTS_DIR; };
		2EE99AF4277E94AF0042CD29 /* SeSAC_FarmUITests.swift */ = {isa = PBXFileReference; lastKnownFileType = sourcecode.swift; path = SeSAC_FarmUITests.swift; sourceTree = "<group>"; };
		2EE99AF6277E94AF0042CD29 /* SeSAC_FarmUITestsLaunchTests.swift */ = {isa = PBXFileReference; lastKnownFileType = sourcecode.swift; path = SeSAC_FarmUITestsLaunchTests.swift; sourceTree = "<group>"; };
/* End PBXFileReference section */

/* Begin PBXFrameworksBuildPhase section */
		2EE99ACD277E94AD0042CD29 /* Frameworks */ = {
			isa = PBXFrameworksBuildPhase;
			buildActionMask = 2147483647;
			files = (
			);
			runOnlyForDeploymentPostprocessing = 0;
		};
		2EE99AE3277E94AF0042CD29 /* Frameworks */ = {
			isa = PBXFrameworksBuildPhase;
			buildActionMask = 2147483647;
			files = (
			);
			runOnlyForDeploymentPostprocessing = 0;
		};
		2EE99AED277E94AF0042CD29 /* Frameworks */ = {
			isa = PBXFrameworksBuildPhase;
			buildActionMask = 2147483647;
			files = (
			);
			runOnlyForDeploymentPostprocessing = 0;
		};
/* End PBXFrameworksBuildPhase section */

/* Begin PBXGroup section */
		2EE99AC7277E94AD0042CD29 = {
			isa = PBXGroup;
			children = (
				2EE99AD2277E94AD0042CD29 /* SeSAC_Farm */,
				2EE99AE9277E94AF0042CD29 /* SeSAC_FarmTests */,
				2EE99AF3277E94AF0042CD29 /* SeSAC_FarmUITests */,
				2EE99AD1277E94AD0042CD29 /* Products */,
			);
			sourceTree = "<group>";
		};
		2EE99AD1277E94AD0042CD29 /* Products */ = {
			isa = PBXGroup;
			children = (
				2EE99AD0277E94AD0042CD29 /* SeSAC_Farm.app */,
				2EE99AE6277E94AF0042CD29 /* SeSAC_FarmTests.xctest */,
				2EE99AF0277E94AF0042CD29 /* SeSAC_FarmUITests.xctest */,
			);
			name = Products;
			sourceTree = "<group>";
		};
		2EE99AD2277E94AD0042CD29 /* SeSAC_Farm */ = {
			isa = PBXGroup;
			children = (
				2EE99AD3277E94AD0042CD29 /* AppDelegate.swift */,
				2EE99AD5277E94AD0042CD29 /* SceneDelegate.swift */,
				2EE99AD7277E94AD0042CD29 /* ViewController.swift */,
				2EE99AD9277E94AD0042CD29 /* Main.storyboard */,
				2EE99ADC277E94AF0042CD29 /* Assets.xcassets */,
				2EE99ADE277E94AF0042CD29 /* LaunchScreen.storyboard */,
				2EE99AE1277E94AF0042CD29 /* Info.plist */,
			);
			path = SeSAC_Farm;
			sourceTree = "<group>";
		};
		2EE99AE9277E94AF0042CD29 /* SeSAC_FarmTests */ = {
			isa = PBXGroup;
			children = (
				2EE99AEA277E94AF0042CD29 /* SeSAC_FarmTests.swift */,
			);
			path = SeSAC_FarmTests;
			sourceTree = "<group>";
		};
		2EE99AF3277E94AF0042CD29 /* SeSAC_FarmUITests */ = {
			isa = PBXGroup;
			children = (
				2EE99AF4277E94AF0042CD29 /* SeSAC_FarmUITests.swift */,
				2EE99AF6277E94AF0042CD29 /* SeSAC_FarmUITestsLaunchTests.swift */,
			);
			path = SeSAC_FarmUITests;
			sourceTree = "<group>";
		};
/* End PBXGroup section */

/* Begin PBXNativeTarget section */
		2EE99ACF277E94AD0042CD29 /* SeSAC_Farm */ = {
			isa = PBXNativeTarget;
			buildConfigurationList = 2EE99AFA277E94AF0042CD29 /* Build configuration list for PBXNativeTarget "SeSAC_Farm" */;
			buildPhases = (
				2EE99ACC277E94AD0042CD29 /* Sources */,
				2EE99ACD277E94AD0042CD29 /* Frameworks */,
				2EE99ACE277E94AD0042CD29 /* Resources */,
			);
			buildRules = (
			);
			dependencies = (
			);
			name = SeSAC_Farm;
			productName = SeSAC_Farm;
			productReference = 2EE99AD0277E94AD0042CD29 /* SeSAC_Farm.app */;
			productType = "com.apple.product-type.application";
		};
		2EE99AE5277E94AF0042CD29 /* SeSAC_FarmTests */ = {
			isa = PBXNativeTarget;
			buildConfigurationList = 2EE99AFD277E94AF0042CD29 /* Build configuration list for PBXNativeTarget "SeSAC_FarmTests" */;
			buildPhases = (
				2EE99AE2277E94AF0042CD29 /* Sources */,
				2EE99AE3277E94AF0042CD29 /* Frameworks */,
				2EE99AE4277E94AF0042CD29 /* Resources */,
			);
			buildRules = (
			);
			dependencies = (
				2EE99AE8277E94AF0042CD29 /* PBXTargetDependency */,
			);
			name = SeSAC_FarmTests;
			productName = SeSAC_FarmTests;
			productReference = 2EE99AE6277E94AF0042CD29 /* SeSAC_FarmTests.xctest */;
			productType = "com.apple.product-type.bundle.unit-test";
		};
		2EE99AEF277E94AF0042CD29 /* SeSAC_FarmUITests */ = {
			isa = PBXNativeTarget;
			buildConfigurationList = 2EE99B00277E94AF0042CD29 /* Build configuration list for PBXNativeTarget "SeSAC_FarmUITests" */;
			buildPhases = (
				2EE99AEC277E94AF0042CD29 /* Sources */,
				2EE99AED277E94AF0042CD29 /* Frameworks */,
				2EE99AEE277E94AF0042CD29 /* Resources */,
			);
			buildRules = (
			);
			dependencies = (
				2EE99AF2277E94AF0042CD29 /* PBXTargetDependency */,
			);
			name = SeSAC_FarmUITests;
			productName = SeSAC_FarmUITests;
			productReference = 2EE99AF0277E94AF0042CD29 /* SeSAC_FarmUITests.xctest */;
			productType = "com.apple.product-type.bundle.ui-testing";
		};
/* End PBXNativeTarget section */

/* Begin PBXProject section */
		2EE99AC8277E94AD0042CD29 /* Project object */ = {
			isa = PBXProject;
			attributes = {
				BuildIndependentTargetsInParallel = 1;
				LastSwiftUpdateCheck = 1320;
				LastUpgradeCheck = 1320;
				TargetAttributes = {
					2EE99ACF277E94AD0042CD29 = {
						CreatedOnToolsVersion = 13.2;
					};
					2EE99AE5277E94AF0042CD29 = {
						CreatedOnToolsVersion = 13.2;
						TestTargetID = 2EE99ACF277E94AD0042CD29;
					};
					2EE99AEF277E94AF0042CD29 = {
						CreatedOnToolsVersion = 13.2;
						TestTargetID = 2EE99ACF277E94AD0042CD29;
					};
				};
			};
			buildConfigurationList = 2EE99ACB277E94AD0042CD29 /* Build configuration list for PBXProject "SeSAC_Farm" */;
			compatibilityVersion = "Xcode 13.0";
			developmentRegion = en;
			hasScannedForEncodings = 0;
			knownRegions = (
				en,
				Base,
			);
			mainGroup = 2EE99AC7277E94AD0042CD29;
			productRefGroup = 2EE99AD1277E94AD0042CD29 /* Products */;
			projectDirPath = "";
			projectRoot = "";
			targets = (
				2EE99ACF277E94AD0042CD29 /* SeSAC_Farm */,
				2EE99AE5277E94AF0042CD29 /* SeSAC_FarmTests */,
				2EE99AEF277E94AF0042CD29 /* SeSAC_FarmUITests */,
			);
		};
/* End PBXProject section */

/* Begin PBXResourcesBuildPhase section */
		2EE99ACE277E94AD0042CD29 /* Resources */ = {
			isa = PBXResourcesBuildPhase;
			buildActionMask = 2147483647;
			files = (
				2EE99AE0277E94AF0042CD29 /* LaunchScreen.storyboard in Resources */,
				2EE99ADD277E94AF0042CD29 /* Assets.xcassets in Resources */,
				2EE99ADB277E94AD0042CD29 /* Main.storyboard in Resources */,
			);
			runOnlyForDeploymentPostprocessing = 0;
		};
		2EE99AE4277E94AF0042CD29 /* Resources */ = {
			isa = PBXResourcesBuildPhase;
			buildActionMask = 2147483647;
			files = (
			);
			runOnlyForDeploymentPostprocessing = 0;
		};
		2EE99AEE277E94AF0042CD29 /* Resources */ = {
			isa = PBXResourcesBuildPhase;
			buildActionMask = 2147483647;
			files = (
			);
			runOnlyForDeploymentPostprocessing = 0;
		};
/* End PBXResourcesBuildPhase section */

/* Begin PBXSourcesBuildPhase section */
		2EE99ACC277E94AD0042CD29 /* Sources */ = {
			isa = PBXSourcesBuildPhase;
			buildActionMask = 2147483647;
			files = (
				2EE99AD8277E94AD0042CD29 /* ViewController.swift in Sources */,
				2EE99AD4277E94AD0042CD29 /* AppDelegate.swift in Sources */,
				2EE99AD6277E94AD0042CD29 /* SceneDelegate.swift in Sources */,
			);
			runOnlyForDeploymentPostprocessing = 0;
		};
		2EE99AE2277E94AF0042CD29 /* Sources */ = {
			isa = PBXSourcesBuildPhase;
			buildActionMask = 2147483647;
			files = (
				2EE99AEB277E94AF0042CD29 /* SeSAC_FarmTests.swift in Sources */,
			);
			runOnlyForDeploymentPostprocessing = 0;
		};
		2EE99AEC277E94AF0042CD29 /* Sources */ = {
			isa = PBXSourcesBuildPhase;
			buildActionMask = 2147483647;
			files = (
				2EE99AF7277E94AF0042CD29 /* SeSAC_FarmUITestsLaunchTests.swift in Sources */,
				2EE99AF5277E94AF0042CD29 /* SeSAC_FarmUITests.swift in Sources */,
			);
			runOnlyForDeploymentPostprocessing = 0;
		};
/* End PBXSourcesBuildPhase section */

/* Begin PBXTargetDependency section */
		2EE99AE8277E94AF0042CD29 /* PBXTargetDependency */ = {
			isa = PBXTargetDependency;
			target = 2EE99ACF277E94AD0042CD29 /* SeSAC_Farm */;
			targetProxy = 2EE99AE7277E94AF0042CD29 /* PBXContainerItemProxy */;
		};
		2EE99AF2277E94AF0042CD29 /* PBXTargetDependency */ = {
			isa = PBXTargetDependency;
			target = 2EE99ACF277E94AD0042CD29 /* SeSAC_Farm */;
			targetProxy = 2EE99AF1277E94AF0042CD29 /* PBXContainerItemProxy */;
		};
/* End PBXTargetDependency section */

/* Begin PBXVariantGroup section */
		2EE99AD9277E94AD0042CD29 /* Main.storyboard */ = {
			isa = PBXVariantGroup;
			children = (
				2EE99ADA277E94AD0042CD29 /* Base */,
			);
			name = Main.storyboard;
			sourceTree = "<group>";
		};
		2EE99ADE277E94AF0042CD29 /* LaunchScreen.storyboard */ = {
			isa = PBXVariantGroup;
			children = (
				2EE99ADF277E94AF0042CD29 /* Base */,
			);
			name = LaunchScreen.storyboard;
			sourceTree = "<group>";
		};
/* End PBXVariantGroup section */

/* Begin XCBuildConfiguration section */
		2EE99AF8277E94AF0042CD29 /* Debug */ = {
			isa = XCBuildConfiguration;
			buildSettings = {
				ALWAYS_SEARCH_USER_PATHS = NO;
				CLANG_ANALYZER_NONNULL = YES;
				CLANG_ANALYZER_NUMBER_OBJECT_CONVERSION = YES_AGGRESSIVE;
				CLANG_CXX_LANGUAGE_STANDARD = "gnu++17";
				CLANG_CXX_LIBRARY = "libc++";
				CLANG_ENABLE_MODULES = YES;
				CLANG_ENABLE_OBJC_ARC = YES;
				CLANG_ENABLE_OBJC_WEAK = YES;
				CLANG_WARN_BLOCK_CAPTURE_AUTORELEASING = YES;
				CLANG_WARN_BOOL_CONVERSION = YES;
				CLANG_WARN_COMMA = YES;
				CLANG_WARN_CONSTANT_CONVERSION = YES;
				CLANG_WARN_DEPRECATED_OBJC_IMPLEMENTATIONS = YES;
				CLANG_WARN_DIRECT_OBJC_ISA_USAGE = YES_ERROR;
				CLANG_WARN_DOCUMENTATION_COMMENTS = YES;
				CLANG_WARN_EMPTY_BODY = YES;
				CLANG_WARN_ENUM_CONVERSION = YES;
				CLANG_WARN_INFINITE_RECURSION = YES;
				CLANG_WARN_INT_CONVERSION = YES;
				CLANG_WARN_NON_LITERAL_NULL_CONVERSION = YES;
				CLANG_WARN_OBJC_IMPLICIT_RETAIN_SELF = YES;
				CLANG_WARN_OBJC_LITERAL_CONVERSION = YES;
				CLANG_WARN_OBJC_ROOT_CLASS = YES_ERROR;
				CLANG_WARN_QUOTED_INCLUDE_IN_FRAMEWORK_HEADER = YES;
				CLANG_WARN_RANGE_LOOP_ANALYSIS = YES;
				CLANG_WARN_STRICT_PROTOTYPES = YES;
				CLANG_WARN_SUSPICIOUS_MOVE = YES;
				CLANG_WARN_UNGUARDED_AVAILABILITY = YES_AGGRESSIVE;
				CLANG_WARN_UNREACHABLE_CODE = YES;
				CLANG_WARN__DUPLICATE_METHOD_MATCH = YES;
				COPY_PHASE_STRIP = NO;
				DEBUG_INFORMATION_FORMAT = dwarf;
				ENABLE_STRICT_OBJC_MSGSEND = YES;
				ENABLE_TESTABILITY = YES;
				GCC_C_LANGUAGE_STANDARD = gnu11;
				GCC_DYNAMIC_NO_PIC = NO;
				GCC_NO_COMMON_BLOCKS = YES;
				GCC_OPTIMIZATION_LEVEL = 0;
				GCC_PREPROCESSOR_DEFINITIONS = (
					"DEBUG=1",
					"$(inherited)",
				);
				GCC_WARN_64_TO_32_BIT_CONVERSION = YES;
				GCC_WARN_ABOUT_RETURN_TYPE = YES_ERROR;
				GCC_WARN_UNDECLARED_SELECTOR = YES;
				GCC_WARN_UNINITIALIZED_AUTOS = YES_AGGRESSIVE;
				GCC_WARN_UNUSED_FUNCTION = YES;
				GCC_WARN_UNUSED_VARIABLE = YES;
				IPHONEOS_DEPLOYMENT_TARGET = 15.2;
				MTL_ENABLE_DEBUG_INFO = INCLUDE_SOURCE;
				MTL_FAST_MATH = YES;
				ONLY_ACTIVE_ARCH = YES;
				SDKROOT = iphoneos;
				SWIFT_ACTIVE_COMPILATION_CONDITIONS = DEBUG;
				SWIFT_OPTIMIZATION_LEVEL = "-Onone";
			};
			name = Debug;
		};
		2EE99AF9277E94AF0042CD29 /* Release */ = {
			isa = XCBuildConfiguration;
			buildSettings = {
				ALWAYS_SEARCH_USER_PATHS = NO;
				CLANG_ANALYZER_NONNULL = YES;
				CLANG_ANALYZER_NUMBER_OBJECT_CONVERSION = YES_AGGRESSIVE;
				CLANG_CXX_LANGUAGE_STANDARD = "gnu++17";
				CLANG_CXX_LIBRARY = "libc++";
				CLANG_ENABLE_MODULES = YES;
				CLANG_ENABLE_OBJC_ARC = YES;
				CLANG_ENABLE_OBJC_WEAK = YES;
				CLANG_WARN_BLOCK_CAPTURE_AUTORELEASING = YES;
				CLANG_WARN_BOOL_CONVERSION = YES;
				CLANG_WARN_COMMA = YES;
				CLANG_WARN_CONSTANT_CONVERSION = YES;
				CLANG_WARN_DEPRECATED_OBJC_IMPLEMENTATIONS = YES;
				CLANG_WARN_DIRECT_OBJC_ISA_USAGE = YES_ERROR;
				CLANG_WARN_DOCUMENTATION_COMMENTS = YES;
				CLANG_WARN_EMPTY_BODY = YES;
				CLANG_WARN_ENUM_CONVERSION = YES;
				CLANG_WARN_INFINITE_RECURSION = YES;
				CLANG_WARN_INT_CONVERSION = YES;
				CLANG_WARN_NON_LITERAL_NULL_CONVERSION = YES;
				CLANG_WARN_OBJC_IMPLICIT_RETAIN_SELF = YES;
				CLANG_WARN_OBJC_LITERAL_CONVERSION = YES;
				CLANG_WARN_OBJC_ROOT_CLASS = YES_ERROR;
				CLANG_WARN_QUOTED_INCLUDE_IN_FRAMEWORK_HEADER = YES;
				CLANG_WARN_RANGE_LOOP_ANALYSIS = YES;
				CLANG_WARN_STRICT_PROTOTYPES = YES;
				CLANG_WARN_SUSPICIOUS_MOVE = YES;
				CLANG_WARN_UNGUARDED_AVAILABILITY = YES_AGGRESSIVE;
				CLANG_WARN_UNREACHABLE_CODE = YES;
				CLANG_WARN__DUPLICATE_METHOD_MATCH = YES;
				COPY_PHASE_STRIP = NO;
				DEBUG_INFORMATION_FORMAT = "dwarf-with-dsym";
				ENABLE_NS_ASSERTIONS = NO;
				ENABLE_STRICT_OBJC_MSGSEND = YES;
				GCC_C_LANGUAGE_STANDARD = gnu11;
				GCC_NO_COMMON_BLOCKS = YES;
				GCC_WARN_64_TO_32_BIT_CONVERSION = YES;
				GCC_WARN_ABOUT_RETURN_TYPE = YES_ERROR;
				GCC_WARN_UNDECLARED_SELECTOR = YES;
				GCC_WARN_UNINITIALIZED_AUTOS = YES_AGGRESSIVE;
				GCC_WARN_UNUSED_FUNCTION = YES;
				GCC_WARN_UNUSED_VARIABLE = YES;
				IPHONEOS_DEPLOYMENT_TARGET = 15.2;
				MTL_ENABLE_DEBUG_INFO = NO;
				MTL_FAST_MATH = YES;
				SDKROOT = iphoneos;
				SWIFT_COMPILATION_MODE = wholemodule;
				SWIFT_OPTIMIZATION_LEVEL = "-O";
				VALIDATE_PRODUCT = YES;
			};
			name = Release;
		};
		2EE99AFB277E94AF0042CD29 /* Debug */ = {
			isa = XCBuildConfiguration;
			buildSettings = {
				ASSETCATALOG_COMPILER_APPICON_NAME = AppIcon;
				ASSETCATALOG_COMPILER_GLOBAL_ACCENT_COLOR_NAME = AccentColor;
				CODE_SIGN_STYLE = Automatic;
				CURRENT_PROJECT_VERSION = 1;
				DEVELOPMENT_TEAM = WXLXA9H28U;
				GENERATE_INFOPLIST_FILE = YES;
				INFOPLIST_FILE = SeSAC_Farm/Info.plist;
				INFOPLIST_KEY_UIApplicationSupportsIndirectInputEvents = YES;
				INFOPLIST_KEY_UILaunchStoryboardName = LaunchScreen;
				INFOPLIST_KEY_UIMainStoryboardFile = Main;
				INFOPLIST_KEY_UISupportedInterfaceOrientations_iPad = "UIInterfaceOrientationPortrait UIInterfaceOrientationPortraitUpsideDown UIInterfaceOrientationLandscapeLeft UIInterfaceOrientationLandscapeRight";
				INFOPLIST_KEY_UISupportedInterfaceOrientations_iPhone = "UIInterfaceOrientationPortrait UIInterfaceOrientationLandscapeLeft UIInterfaceOrientationLandscapeRight";
				LD_RUNPATH_SEARCH_PATHS = (
					"$(inherited)",
					"@executable_path/Frameworks",
				);
				MARKETING_VERSION = 1.0;
				PRODUCT_BUNDLE_IDENTIFIER = "com.sehun.SeSAC-Farm";
				PRODUCT_NAME = "$(TARGET_NAME)";
				SWIFT_EMIT_LOC_STRINGS = YES;
				SWIFT_VERSION = 5.0;
				TARGETED_DEVICE_FAMILY = "1,2";
			};
			name = Debug;
		};
		2EE99AFC277E94AF0042CD29 /* Release */ = {
			isa = XCBuildConfiguration;
			buildSettings = {
				ASSETCATALOG_COMPILER_APPICON_NAME = AppIcon;
				ASSETCATALOG_COMPILER_GLOBAL_ACCENT_COLOR_NAME = AccentColor;
				CODE_SIGN_STYLE = Automatic;
				CURRENT_PROJECT_VERSION = 1;
				DEVELOPMENT_TEAM = WXLXA9H28U;
				GENERATE_INFOPLIST_FILE = YES;
				INFOPLIST_FILE = SeSAC_Farm/Info.plist;
				INFOPLIST_KEY_UIApplicationSupportsIndirectInputEvents = YES;
				INFOPLIST_KEY_UILaunchStoryboardName = LaunchScreen;
				INFOPLIST_KEY_UIMainStoryboardFile = Main;
				INFOPLIST_KEY_UISupportedInterfaceOrientations_iPad = "UIInterfaceOrientationPortrait UIInterfaceOrientationPortraitUpsideDown UIInterfaceOrientationLandscapeLeft UIInterfaceOrientationLandscapeRight";
				INFOPLIST_KEY_UISupportedInterfaceOrientations_iPhone = "UIInterfaceOrientationPortrait UIInterfaceOrientationLandscapeLeft UIInterfaceOrientationLandscapeRight";
				LD_RUNPATH_SEARCH_PATHS = (
					"$(inherited)",
					"@executable_path/Frameworks",
				);
				MARKETING_VERSION = 1.0;
				PRODUCT_BUNDLE_IDENTIFIER = "com.sehun.SeSAC-Farm";
				PRODUCT_NAME = "$(TARGET_NAME)";
				SWIFT_EMIT_LOC_STRINGS = YES;
				SWIFT_VERSION = 5.0;
				TARGETED_DEVICE_FAMILY = "1,2";
			};
			name = Release;
		};
		2EE99AFE277E94AF0042CD29 /* Debug */ = {
			isa = XCBuildConfiguration;
			buildSettings = {
				ALWAYS_EMBED_SWIFT_STANDARD_LIBRARIES = YES;
				BUNDLE_LOADER = "$(TEST_HOST)";
				CODE_SIGN_STYLE = Automatic;
				CURRENT_PROJECT_VERSION = 1;
				DEVELOPMENT_TEAM = WXLXA9H28U;
				GENERATE_INFOPLIST_FILE = YES;
				IPHONEOS_DEPLOYMENT_TARGET = 15.2;
				MARKETING_VERSION = 1.0;
				PRODUCT_BUNDLE_IDENTIFIER = "com.sehun.SeSAC-FarmTests";
				PRODUCT_NAME = "$(TARGET_NAME)";
				SWIFT_EMIT_LOC_STRINGS = NO;
				SWIFT_VERSION = 5.0;
				TARGETED_DEVICE_FAMILY = "1,2";
				TEST_HOST = "$(BUILT_PRODUCTS_DIR)/SeSAC_Farm.app/SeSAC_Farm";
			};
			name = Debug;
		};
		2EE99AFF277E94AF0042CD29 /* Release */ = {
			isa = XCBuildConfiguration;
			buildSettings = {
				ALWAYS_EMBED_SWIFT_STANDARD_LIBRARIES = YES;
				BUNDLE_LOADER = "$(TEST_HOST)";
				CODE_SIGN_STYLE = Automatic;
				CURRENT_PROJECT_VERSION = 1;
				DEVELOPMENT_TEAM = WXLXA9H28U;
				GENERATE_INFOPLIST_FILE = YES;
				IPHONEOS_DEPLOYMENT_TARGET = 15.2;
				MARKETING_VERSION = 1.0;
				PRODUCT_BUNDLE_IDENTIFIER = "com.sehun.SeSAC-FarmTests";
				PRODUCT_NAME = "$(TARGET_NAME)";
				SWIFT_EMIT_LOC_STRINGS = NO;
				SWIFT_VERSION = 5.0;
				TARGETED_DEVICE_FAMILY = "1,2";
				TEST_HOST = "$(BUILT_PRODUCTS_DIR)/SeSAC_Farm.app/SeSAC_Farm";
			};
			name = Release;
		};
		2EE99B01277E94AF0042CD29 /* Debug */ = {
			isa = XCBuildConfiguration;
			buildSettings = {
				ALWAYS_EMBED_SWIFT_STANDARD_LIBRARIES = YES;
				CODE_SIGN_STYLE = Automatic;
				CURRENT_PROJECT_VERSION = 1;
				DEVELOPMENT_TEAM = WXLXA9H28U;
				GENERATE_INFOPLIST_FILE = YES;
				MARKETING_VERSION = 1.0;
				PRODUCT_BUNDLE_IDENTIFIER = "com.sehun.SeSAC-FarmUITests";
				PRODUCT_NAME = "$(TARGET_NAME)";
				SWIFT_EMIT_LOC_STRINGS = NO;
				SWIFT_VERSION = 5.0;
				TARGETED_DEVICE_FAMILY = "1,2";
				TEST_TARGET_NAME = SeSAC_Farm;
			};
			name = Debug;
		};
		2EE99B02277E94AF0042CD29 /* Release */ = {
			isa = XCBuildConfiguration;
			buildSettings = {
				ALWAYS_EMBED_SWIFT_STANDARD_LIBRARIES = YES;
				CODE_SIGN_STYLE = Automatic;
				CURRENT_PROJECT_VERSION = 1;
				DEVELOPMENT_TEAM = WXLXA9H28U;
				GENERATE_INFOPLIST_FILE = YES;
				MARKETING_VERSION = 1.0;
				PRODUCT_BUNDLE_IDENTIFIER = "com.sehun.SeSAC-FarmUITests";
				PRODUCT_NAME = "$(TARGET_NAME)";
				SWIFT_EMIT_LOC_STRINGS = NO;
				SWIFT_VERSION = 5.0;
				TARGETED_DEVICE_FAMILY = "1,2";
				TEST_TARGET_NAME = SeSAC_Farm;
			};
			name = Release;
		};
/* End XCBuildConfiguration section */

/* Begin XCConfigurationList section */
		2EE99ACB277E94AD0042CD29 /* Build configuration list for PBXProject "SeSAC_Farm" */ = {
			isa = XCConfigurationList;
			buildConfigurations = (
				2EE99AF8277E94AF0042CD29 /* Debug */,
				2EE99AF9277E94AF0042CD29 /* Release */,
			);
			defaultConfigurationIsVisible = 0;
			defaultConfigurationName = Release;
		};
		2EE99AFA277E94AF0042CD29 /* Build configuration list for PBXNativeTarget "SeSAC_Farm" */ = {
			isa = XCConfigurationList;
			buildConfigurations = (
				2EE99AFB277E94AF0042CD29 /* Debug */,
				2EE99AFC277E94AF0042CD29 /* Release */,
			);
			defaultConfigurationIsVisible = 0;
			defaultConfigurationName = Release;
		};
		2EE99AFD277E94AF0042CD29 /* Build configuration list for PBXNativeTarget "SeSAC_FarmTests" */ = {
			isa = XCConfigurationList;
			buildConfigurations = (
				2EE99AFE277E94AF0042CD29 /* Debug */,
				2EE99AFF277E94AF0042CD29 /* Release */,
			);
			defaultConfigurationIsVisible = 0;
			defaultConfigurationName = Release;
		};
		2EE99B00277E94AF0042CD29 /* Build configuration list for PBXNativeTarget "SeSAC_FarmUITests" */ = {
			isa = XCConfigurationList;
			buildConfigurations = (
				2EE99B01277E94AF0042CD29 /* Debug */,
				2EE99B02277E94AF0042CD29 /* Release */,
			);
			defaultConfigurationIsVisible = 0;
			defaultConfigurationName = Release;
		};
/* End XCConfigurationList section */
	};
	rootObject = 2EE99AC8277E94AD0042CD29 /* Project object */;
}
